PODS:
  - Flutter (1.0.0)
  - NWWebSocket (0.5.2)
  - pusher_client (2.1.0):
    - Flutter
    - PusherSwift (~> 10.1.0)
  - PusherSwift (10.1.1):
    - NWWebSocket (~> 0.5.2)
    - TweetNacl (~> 1.0.0)
  - TweetNacl (1.0.2)

DEPENDENCIES:
  - Flutter (from `Flutter`)
  - pusher_client (from `.symlinks/plugins/pusher_client/ios`)

SPEC REPOS:
  trunk:
    - NWWebSocket
    - PusherSwift
    - TweetNacl

EXTERNAL SOURCES:
  Flutter:
    :path: Flutter
  pusher_client:
    :path: ".symlinks/plugins/pusher_client/ios"

SPEC CHECKSUMS:
  Flutter: f04841e97a9d0b0a8025694d0796dd46242b2854
  NWWebSocket: 21f0c73639815da3272862c912275b26102aa80c
  pusher_client: b520f9dc1239d7941edcccca9304117d6e3d87c2
  PusherSwift: 70a805a950ab49381e164c54ac19c3b9c1d288e3
  TweetNacl: 3abf4d1d2082b0114e7a67410e300892448951e6

PODFILE CHECKSUM: cc1f88378b4bfcf93a6ce00d2c587857c6008d3b

COCOAPODS: 1.11.3
